
Microsoft Visual Studio Solution File, Format Version 12.00
# Visual Studio 2012
Project("{FAE04EC0-301F-11D3-BF4B-00C04F79EFBC}") = "VerbalExpressions", "VerbalExpressions\VerbalExpressions.csproj", "{A3EF47F0-704F-4155-BAC7-DD919B957CC0}"
EndProject
Project("{FAE04EC0-301F-11D3-BF4B-00C04F79EFBC}") = "VerbalExpressionsUnitTests", "VerbalExpressionsUnitTests\VerbalExpressionsUnitTests.csproj", "{DA5044A2-4E99-454F-A627-6DC3B861EC44}"
EndProject
Global
	GlobalSection(SolutionConfigurationPlatforms) = preSolution
		Debug|Any CPU = Debug|Any CPU
		Release|Any CPU = Release|Any CPU
	EndGlobalSection
	GlobalSection(ProjectConfigurationPlatforms) = postSolution
		{A3EF47F0-704F-4155-BAC7-DD919B957CC0}.Debug|Any CPU.ActiveCfg = Debug|Any CPU
		{A3EF47F0-704F-4155-BAC7-DD919B957CC0}.Debug|Any CPU.Build.0 = Debug|Any CPU
		{A3EF47F0-704F-4155-BAC7-DD919B957CC0}.Release|Any CPU.ActiveCfg = Release|Any CPU
		{A3EF47F0-704F-4155-BAC7-DD919B957CC0}.Release|Any CPU.Build.0 = Release|Any CPU
		{DA5044A2-4E99-454F-A627-6DC3B861EC44}.Debug|Any CPU.ActiveCfg = Debug|Any CPU
		{DA5044A2-4E99-454F-A627-6DC3B861EC44}.Debug|Any CPU.Build.0 = Debug|Any CPU
		{DA5044A2-4E99-454F-A627-6DC3B861EC44}.Release|Any CPU.ActiveCfg = Release|Any CPU
		{DA5044A2-4E99-454F-A627-6DC3B861EC44}.Release|Any CPU.Build.0 = Release|Any CPU
	EndGlobalSection
	GlobalSection(SolutionProperties) = preSolution
		HideSolutionNode = FALSE
	EndGlobalSection
EndGlobal
